
Microsoft Visual Studio Solution File, Format Version 12.00
# Visual Studio Version 17
VisualStudioVersion = 17.4.33213.308
MinimumVisualStudioVersion = 10.0.40219.1
Project("{FAE04EC0-301F-11D3-BF4B-00C04F79EFBC}") = "DependencyInjectionDemo", "DependencyInjectionDemo\DependencyInjectionDemo.csproj", "{2C53E49F-5849-4BD3-A4FF-E0C8FFCFCC58}"
EndProject
Project("{FAE04EC0-301F-11D3-BF4B-00C04F79EFBC}") = "ServiceLayer", "ServiceLayer\ServiceLayer.csproj", "{FE0B78DC-F991-4A8C-AA55-DAB0F5DD95B4}"
EndProject
Project("{FAE04EC0-301F-11D3-BF4B-00C04F79EFBC}") = "ServiceContracts", "ServiceContracts\ServiceContracts.csproj", "{FB123B24-8956-41E7-8C2E-7B5C59F0C756}"
EndProject
Global
	GlobalSection(SolutionConfigurationPlatforms) = preSolution
		Debug|Any CPU = Debug|Any CPU
		Release|Any CPU = Release|Any CPU
	EndGlobalSection
	GlobalSection(ProjectConfigurationPlatforms) = postSolution
		{2C53E49F-5849-4BD3-A4FF-E0C8FFCFCC58}.Debug|Any CPU.ActiveCfg = Debug|Any CPU
		{2C53E49F-5849-4BD3-A4FF-E0C8FFCFCC58}.Debug|Any CPU.Build.0 = Debug|Any CPU
		{2C53E49F-5849-4BD3-A4FF-E0C8FFCFCC58}.Release|Any CPU.ActiveCfg = Release|Any CPU
		{2C53E49F-5849-4BD3-A4FF-E0C8FFCFCC58}.Release|Any CPU.Build.0 = Release|Any CPU
		{FE0B78DC-F991-4A8C-AA55-DAB0F5DD95B4}.Debug|Any CPU.ActiveCfg = Debug|Any CPU
		{FE0B78DC-F991-4A8C-AA55-DAB0F5DD95B4}.Debug|Any CPU.Build.0 = Debug|Any CPU
		{FE0B78DC-F991-4A8C-AA55-DAB0F5DD95B4}.Release|Any CPU.ActiveCfg = Release|Any CPU
		{FE0B78DC-F991-4A8C-AA55-DAB0F5DD95B4}.Release|Any CPU.Build.0 = Release|Any CPU
		{FB123B24-8956-41E7-8C2E-7B5C59F0C756}.Debug|Any CPU.ActiveCfg = Debug|Any CPU
		{FB123B24-8956-41E7-8C2E-7B5C59F0C756}.Debug|Any CPU.Build.0 = Debug|Any CPU
		{FB123B24-8956-41E7-8C2E-7B5C59F0C756}.Release|Any CPU.ActiveCfg = Release|Any CPU
		{FB123B24-8956-41E7-8C2E-7B5C59F0C756}.Release|Any CPU.Build.0 = Release|Any CPU
	EndGlobalSection
	GlobalSection(SolutionProperties) = preSolution
		HideSolutionNode = FALSE
	EndGlobalSection
	GlobalSection(ExtensibilityGlobals) = postSolution
		SolutionGuid = {29232F52-0F66-4C74-BBF4-176C593C4EFC}
	EndGlobalSection
EndGlobal
