
Microsoft Visual Studio Solution File, Format Version 12.00
# Visual Studio Version 17
VisualStudioVersion = 17.4.33213.308
MinimumVisualStudioVersion = 10.0.40219.1
Project("{FAE04EC0-301F-11D3-BF4B-00C04F79EFBC}") = "LayoutViewsDemo", "LayoutViewsDemo\LayoutViewsDemo.csproj", "{900B4C3C-51F9-420F-B3D2-79541B9517B8}"
EndProject
Global
	GlobalSection(SolutionConfigurationPlatforms) = preSolution
		Debug|Any CPU = Debug|Any CPU
		Release|Any CPU = Release|Any CPU
	EndGlobalSection
	GlobalSection(ProjectConfigurationPlatforms) = postSolution
		{900B4C3C-51F9-420F-B3D2-79541B9517B8}.Debug|Any CPU.ActiveCfg = Debug|Any CPU
		{900B4C3C-51F9-420F-B3D2-79541B9517B8}.Debug|Any CPU.Build.0 = Debug|Any CPU
		{900B4C3C-51F9-420F-B3D2-79541B9517B8}.Release|Any CPU.ActiveCfg = Release|Any CPU
		{900B4C3C-51F9-420F-B3D2-79541B9517B8}.Release|Any CPU.Build.0 = Release|Any CPU
	EndGlobalSection
	GlobalSection(SolutionProperties) = preSolution
		HideSolutionNode = FALSE
	EndGlobalSection
	GlobalSection(ExtensibilityGlobals) = postSolution
		SolutionGuid = {BB50045A-E984-4761-8363-051A4C9285D4}
	EndGlobalSection
EndGlobal
