
Microsoft Visual Studio Solution File, Format Version 12.00
# Visual Studio Version 17
VisualStudioVersion = 17.4.33213.308
MinimumVisualStudioVersion = 10.0.40219.1
Project("{FAE04EC0-301F-11D3-BF4B-00C04F79EFBC}") = "MyFirstApplication", "MyFirstApplication\MyFirstApplication.csproj", "{A78E1560-C5FE-4494-B7EC-23D2B4075D6D}"
EndProject
Global
	GlobalSection(SolutionConfigurationPlatforms) = preSolution
		Debug|Any CPU = Debug|Any CPU
		Release|Any CPU = Release|Any CPU
	EndGlobalSection
	GlobalSection(ProjectConfigurationPlatforms) = postSolution
		{A78E1560-C5FE-4494-B7EC-23D2B4075D6D}.Debug|Any CPU.ActiveCfg = Debug|Any CPU
		{A78E1560-C5FE-4494-B7EC-23D2B4075D6D}.Debug|Any CPU.Build.0 = Debug|Any CPU
		{A78E1560-C5FE-4494-B7EC-23D2B4075D6D}.Release|Any CPU.ActiveCfg = Release|Any CPU
		{A78E1560-C5FE-4494-B7EC-23D2B4075D6D}.Release|Any CPU.Build.0 = Release|Any CPU
	EndGlobalSection
	GlobalSection(SolutionProperties) = preSolution
		HideSolutionNode = FALSE
	EndGlobalSection
	GlobalSection(ExtensibilityGlobals) = postSolution
		SolutionGuid = {27E2309C-1583-47C6-8B05-B1216DD907B8}
	EndGlobalSection
EndGlobal
