
Microsoft Visual Studio Solution File, Format Version 12.00
# Visual Studio Version 17
VisualStudioVersion = 17.4.33213.308
MinimumVisualStudioVersion = 10.0.40219.1
Project("{FAE04EC0-301F-11D3-BF4B-00C04F79EFBC}") = "Assignement_12", "Assignement_12\Assignement_12.csproj", "{8E6CA05E-5D50-4760-8EDD-02BD304BB2FA}"
EndProject
Project("{FAE04EC0-301F-11D3-BF4B-00C04F79EFBC}") = "ServiceContracts", "ServiceContracts\ServiceContracts.csproj", "{F67B2755-87BA-4465-B18A-385325B71128}"
EndProject
Project("{FAE04EC0-301F-11D3-BF4B-00C04F79EFBC}") = "ServiceLayer", "ServiceLayer\ServiceLayer.csproj", "{F660A595-2D45-4A98-A8C7-70020D6AFC53}"
EndProject
Global
	GlobalSection(SolutionConfigurationPlatforms) = preSolution
		Debug|Any CPU = Debug|Any CPU
		Release|Any CPU = Release|Any CPU
	EndGlobalSection
	GlobalSection(ProjectConfigurationPlatforms) = postSolution
		{8E6CA05E-5D50-4760-8EDD-02BD304BB2FA}.Debug|Any CPU.ActiveCfg = Debug|Any CPU
		{8E6CA05E-5D50-4760-8EDD-02BD304BB2FA}.Debug|Any CPU.Build.0 = Debug|Any CPU
		{8E6CA05E-5D50-4760-8EDD-02BD304BB2FA}.Release|Any CPU.ActiveCfg = Release|Any CPU
		{8E6CA05E-5D50-4760-8EDD-02BD304BB2FA}.Release|Any CPU.Build.0 = Release|Any CPU
		{F67B2755-87BA-4465-B18A-385325B71128}.Debug|Any CPU.ActiveCfg = Debug|Any CPU
		{F67B2755-87BA-4465-B18A-385325B71128}.Debug|Any CPU.Build.0 = Debug|Any CPU
		{F67B2755-87BA-4465-B18A-385325B71128}.Release|Any CPU.ActiveCfg = Release|Any CPU
		{F67B2755-87BA-4465-B18A-385325B71128}.Release|Any CPU.Build.0 = Release|Any CPU
		{F660A595-2D45-4A98-A8C7-70020D6AFC53}.Debug|Any CPU.ActiveCfg = Debug|Any CPU
		{F660A595-2D45-4A98-A8C7-70020D6AFC53}.Debug|Any CPU.Build.0 = Debug|Any CPU
		{F660A595-2D45-4A98-A8C7-70020D6AFC53}.Release|Any CPU.ActiveCfg = Release|Any CPU
		{F660A595-2D45-4A98-A8C7-70020D6AFC53}.Release|Any CPU.Build.0 = Release|Any CPU
	EndGlobalSection
	GlobalSection(SolutionProperties) = preSolution
		HideSolutionNode = FALSE
	EndGlobalSection
	GlobalSection(ExtensibilityGlobals) = postSolution
		SolutionGuid = {3F42B82B-626B-44D9-B62E-AF00E5618963}
	EndGlobalSection
EndGlobal
