
Microsoft Visual Studio Solution File, Format Version 12.00
# Visual Studio Version 17
VisualStudioVersion = 17.4.33213.308
MinimumVisualStudioVersion = 10.0.40219.1
Project("{9A19103F-16F7-4668-BE54-9A1E7A4F7556}") = "StocksApp", "StocksApp\StocksApp.csproj", "{DB889F29-583D-432E-B8D1-4A54C36E8EE3}"
EndProject
Project("{FAE04EC0-301F-11D3-BF4B-00C04F79EFBC}") = "ServiceLayer", "ServiceLayer\ServiceLayer.csproj", "{72DA22AC-7352-4700-9BCF-F10FC7110C80}"
EndProject
Project("{FAE04EC0-301F-11D3-BF4B-00C04F79EFBC}") = "ServiceContracts", "ServiceContracts\ServiceContracts.csproj", "{6AD44CBC-17B3-4E3C-AB75-FEF56CE5944F}"
EndProject
Global
	GlobalSection(SolutionConfigurationPlatforms) = preSolution
		Debug|Any CPU = Debug|Any CPU
		Release|Any CPU = Release|Any CPU
	EndGlobalSection
	GlobalSection(ProjectConfigurationPlatforms) = postSolution
		{DB889F29-583D-432E-B8D1-4A54C36E8EE3}.Debug|Any CPU.ActiveCfg = Debug|Any CPU
		{DB889F29-583D-432E-B8D1-4A54C36E8EE3}.Debug|Any CPU.Build.0 = Debug|Any CPU
		{DB889F29-583D-432E-B8D1-4A54C36E8EE3}.Release|Any CPU.ActiveCfg = Release|Any CPU
		{DB889F29-583D-432E-B8D1-4A54C36E8EE3}.Release|Any CPU.Build.0 = Release|Any CPU
		{72DA22AC-7352-4700-9BCF-F10FC7110C80}.Debug|Any CPU.ActiveCfg = Debug|Any CPU
		{72DA22AC-7352-4700-9BCF-F10FC7110C80}.Debug|Any CPU.Build.0 = Debug|Any CPU
		{72DA22AC-7352-4700-9BCF-F10FC7110C80}.Release|Any CPU.ActiveCfg = Release|Any CPU
		{72DA22AC-7352-4700-9BCF-F10FC7110C80}.Release|Any CPU.Build.0 = Release|Any CPU
		{6AD44CBC-17B3-4E3C-AB75-FEF56CE5944F}.Debug|Any CPU.ActiveCfg = Debug|Any CPU
		{6AD44CBC-17B3-4E3C-AB75-FEF56CE5944F}.Debug|Any CPU.Build.0 = Debug|Any CPU
		{6AD44CBC-17B3-4E3C-AB75-FEF56CE5944F}.Release|Any CPU.ActiveCfg = Release|Any CPU
		{6AD44CBC-17B3-4E3C-AB75-FEF56CE5944F}.Release|Any CPU.Build.0 = Release|Any CPU
	EndGlobalSection
	GlobalSection(SolutionProperties) = preSolution
		HideSolutionNode = FALSE
	EndGlobalSection
	GlobalSection(ExtensibilityGlobals) = postSolution
		SolutionGuid = {FA0E1834-2864-47F3-A9DC-FCC6CAE388A5}
	EndGlobalSection
EndGlobal
