
Microsoft Visual Studio Solution File, Format Version 12.00
# Visual Studio Version 17
VisualStudioVersion = 17.6.33801.468
MinimumVisualStudioVersion = 10.0.40219.1
Project("{9A19103F-16F7-4668-BE54-9A1E7A4F7556}") = "CitiesManager.WebAPI", "CitiesManager.WebAPI\CitiesManager.WebAPI.csproj", "{D8CCE4EB-1624-4AFC-B580-EDA3E45B70C3}"
EndProject
Project("{FAE04EC0-301F-11D3-BF4B-00C04F79EFBC}") = "CitiesManager.Core", "CitiesManager.Core\CitiesManager.Core.csproj", "{965819D0-6674-4140-BB3E-3C9FA3C970B4}"
EndProject
Project("{FAE04EC0-301F-11D3-BF4B-00C04F79EFBC}") = "CitiesManager.Infrastructure", "CitiesManager.Infrastructure\CitiesManager.Infrastructure.csproj", "{EC951528-B304-49D8-98F1-A24CA79AD49A}"
EndProject
Global
	GlobalSection(SolutionConfigurationPlatforms) = preSolution
		Debug|Any CPU = Debug|Any CPU
		Release|Any CPU = Release|Any CPU
	EndGlobalSection
	GlobalSection(ProjectConfigurationPlatforms) = postSolution
		{D8CCE4EB-1624-4AFC-B580-EDA3E45B70C3}.Debug|Any CPU.ActiveCfg = Debug|Any CPU
		{D8CCE4EB-1624-4AFC-B580-EDA3E45B70C3}.Debug|Any CPU.Build.0 = Debug|Any CPU
		{D8CCE4EB-1624-4AFC-B580-EDA3E45B70C3}.Release|Any CPU.ActiveCfg = Release|Any CPU
		{D8CCE4EB-1624-4AFC-B580-EDA3E45B70C3}.Release|Any CPU.Build.0 = Release|Any CPU
		{965819D0-6674-4140-BB3E-3C9FA3C970B4}.Debug|Any CPU.ActiveCfg = Debug|Any CPU
		{965819D0-6674-4140-BB3E-3C9FA3C970B4}.Debug|Any CPU.Build.0 = Debug|Any CPU
		{965819D0-6674-4140-BB3E-3C9FA3C970B4}.Release|Any CPU.ActiveCfg = Release|Any CPU
		{965819D0-6674-4140-BB3E-3C9FA3C970B4}.Release|Any CPU.Build.0 = Release|Any CPU
		{EC951528-B304-49D8-98F1-A24CA79AD49A}.Debug|Any CPU.ActiveCfg = Debug|Any CPU
		{EC951528-B304-49D8-98F1-A24CA79AD49A}.Debug|Any CPU.Build.0 = Debug|Any CPU
		{EC951528-B304-49D8-98F1-A24CA79AD49A}.Release|Any CPU.ActiveCfg = Release|Any CPU
		{EC951528-B304-49D8-98F1-A24CA79AD49A}.Release|Any CPU.Build.0 = Release|Any CPU
	EndGlobalSection
	GlobalSection(SolutionProperties) = preSolution
		HideSolutionNode = FALSE
	EndGlobalSection
	GlobalSection(ExtensibilityGlobals) = postSolution
		SolutionGuid = {5778B9A1-EA13-4D91-9A76-DB1B9E0B66FB}
	EndGlobalSection
EndGlobal
