
Microsoft Visual Studio Solution File, Format Version 12.00
# Visual Studio Version 17
VisualStudioVersion = 17.4.33213.308
MinimumVisualStudioVersion = 10.0.40219.1
Project("{FAE04EC0-301F-11D3-BF4B-00C04F79EFBC}") = "Assignement_6", "Assignement_6\Assignement_6.csproj", "{9382F0DC-0CEA-4024-AEE6-1336BB69785C}"
EndProject
Global
	GlobalSection(SolutionConfigurationPlatforms) = preSolution
		Debug|Any CPU = Debug|Any CPU
		Release|Any CPU = Release|Any CPU
	EndGlobalSection
	GlobalSection(ProjectConfigurationPlatforms) = postSolution
		{9382F0DC-0CEA-4024-AEE6-1336BB69785C}.Debug|Any CPU.ActiveCfg = Debug|Any CPU
		{9382F0DC-0CEA-4024-AEE6-1336BB69785C}.Debug|Any CPU.Build.0 = Debug|Any CPU
		{9382F0DC-0CEA-4024-AEE6-1336BB69785C}.Release|Any CPU.ActiveCfg = Release|Any CPU
		{9382F0DC-0CEA-4024-AEE6-1336BB69785C}.Release|Any CPU.Build.0 = Release|Any CPU
	EndGlobalSection
	GlobalSection(SolutionProperties) = preSolution
		HideSolutionNode = FALSE
	EndGlobalSection
	GlobalSection(ExtensibilityGlobals) = postSolution
		SolutionGuid = {D44C1D80-392E-4584-A8E8-4FC45DAE1C16}
	EndGlobalSection
EndGlobal
